<?xml version="1.0" encoding="utf-8"?>
<Project ToolsVersion="4.0" xmlns="http://schemas.microsoft.com/developer/msbuild/2003">
  <ItemGroup>
    <ClInclude Include="Config.h">
      <Filter>Base</Filter>
    </ClInclude>
    <ClInclude Include="Engine.h">
      <Filter>Base</Filter>
    </ClInclude>
    <ClInclude Include="Main.h">
      <Filter>Base</Filter>
    </ClInclude>
    <ClInclude Include="AppParameters.h">
      <Filter>App</Filter>
    </ClInclude>
    <ClInclude Include="App.h">
      <Filter>App</Filter>
    </ClInclude>
    <ClInclude Include="Constants.h">
      <Filter>App</Filter>
    </ClInclude>
    <ClInclude Include="BaseCodeDLL.h">
      <Filter>Base</Filter>
    </ClInclude>
    <ClInclude Include="Utility.h">
      <Filter>LayerExtractor</Filter>
    </ClInclude>
    <ClInclude Include="Recolorizer.h">
      <Filter>LayerExtractor</Filter>
    </ClInclude>
    <ClInclude Include="LayerExtractor.h">
      <Filter>LayerExtractor</Filter>
    </ClInclude>
    <ClInclude Include="EigenSolver.h">
      <Filter>LayerExtractor</Filter>
    </ClInclude>
    <ClInclude Include="..\..\FelzenszwalbSegmentation\convolve.h">
      <Filter>FelzenszwalbSegmentation</Filter>
    </ClInclude>
    <ClInclude Include="..\..\FelzenszwalbSegmentation\disjoint-set.h">
      <Filter>FelzenszwalbSegmentation</Filter>
    </ClInclude>
    <ClInclude Include="..\..\FelzenszwalbSegmentation\filter.h">
      <Filter>FelzenszwalbSegmentation</Filter>
    </ClInclude>
    <ClInclude Include="..\..\FelzenszwalbSegmentation\image.h">
      <Filter>FelzenszwalbSegmentation</Filter>
    </ClInclude>
    <ClInclude Include="..\..\FelzenszwalbSegmentation\imconv.h">
      <Filter>FelzenszwalbSegmentation</Filter>
    </ClInclude>
    <ClInclude Include="..\..\FelzenszwalbSegmentation\imutil.h">
      <Filter>FelzenszwalbSegmentation</Filter>
    </ClInclude>
    <ClInclude Include="..\..\FelzenszwalbSegmentation\misc.h">
      <Filter>FelzenszwalbSegmentation</Filter>
    </ClInclude>
    <ClInclude Include="..\..\FelzenszwalbSegmentation\pnmfile.h">
      <Filter>FelzenszwalbSegmentation</Filter>
    </ClInclude>
    <ClInclude Include="..\..\FelzenszwalbSegmentation\segment-graph.h">
      <Filter>FelzenszwalbSegmentation</Filter>
    </ClInclude>
    <ClInclude Include="..\..\FelzenszwalbSegmentation\segment-image.h">
      <Filter>FelzenszwalbSegmentation</Filter>
    </ClInclude>
    <ClInclude Include="LayerSynthesis.h">
      <Filter>LayerSynthesizer</Filter>
    </ClInclude>
    <ClInclude Include="NeighborhoodGenerator.h">
      <Filter>LayerSynthesizer</Filter>
    </ClInclude>
    <ClInclude Include="GaussianPyramid.h">
      <Filter>LayerSynthesizer</Filter>
    </ClInclude>
    <ClInclude Include="Layers.h">
      <Filter>LayerExtractor</Filter>
    </ClInclude>
    <ClInclude Include="TextureSynthesis.h">
      <Filter>TextureSynthesis</Filter>
    </ClInclude>
    <ClInclude Include="LayerTextureSynthesizer.h">
      <Filter>TextureSynthesis</Filter>
    </ClInclude>
    <ClInclude Include="Dictionary.h">
      <Filter>Base</Filter>
    </ClInclude>
    <ClInclude Include="LayerMesh.h">
      <Filter>LayerMesh</Filter>
    </ClInclude>
    <ClInclude Include="LayerExtractorVideo.h">
      <Filter>LayerExtractor</Filter>
    </ClInclude>
    <ClInclude Include="SuperpixelExtractor.h">
      <Filter>LayerExtractor</Filter>
    </ClInclude>
    <ClInclude Include="SuperpixelExtractorVideo.h">
      <Filter>LayerExtractor</Filter>
    </ClInclude>
    <ClInclude Include="DistanceTransform.h">
      <Filter>TextureSynthesis</Filter>
    </ClInclude>
    <ClInclude Include="VideoController.h">
      <Filter>App</Filter>
    </ClInclude>
    <ClInclude Include="BagOfWords.h">
      <Filter>LayerMesh</Filter>
    </ClInclude>
    <ClInclude Include="Descriptors.h">
      <Filter>LayerMesh</Filter>
    </ClInclude>
    <ClInclude Include="NNLeastSquares\nnls.h">
      <Filter>RBFProp</Filter>
    </ClInclude>
    <ClInclude Include="NNLeastSquaresSolver.h">
      <Filter>RBFProp</Filter>
    </ClInclude>
    <ClInclude Include="RBFPropagation.h">
      <Filter>RBFProp</Filter>
    </ClInclude>
    <ClInclude Include="RecolorizerPixel.h" />
  </ItemGroup>
  <ItemGroup>
    <ClCompile Include="DLLMain.cpp">
      <Filter>Base</Filter>
    </ClCompile>
    <ClCompile Include="Engine.cpp">
      <Filter>Base</Filter>
    </ClCompile>
    <ClCompile Include="Main.cpp">
      <Filter>Base</Filter>
    </ClCompile>
    <ClCompile Include="App.cpp">
      <Filter>App</Filter>
    </ClCompile>
    <ClCompile Include="BaseCodeDLL.cpp">
      <Filter>Base</Filter>
    </ClCompile>
    <ClCompile Include="Recolorizer.cpp">
      <Filter>LayerExtractor</Filter>
    </ClCompile>
    <ClCompile Include="LayerExtractor.cpp">
      <Filter>LayerExtractor</Filter>
    </ClCompile>
    <ClCompile Include="..\..\Include\lodepng\lodepng.cpp">
      <Filter>Base</Filter>
    </ClCompile>
    <ClCompile Include="EigenSolver.cpp">
      <Filter>LayerExtractor</Filter>
    </ClCompile>
    <ClCompile Include="LayerSynthesis.cpp">
      <Filter>LayerSynthesizer</Filter>
    </ClCompile>
    <ClCompile Include="NeighborhoodGenerator.cpp">
      <Filter>LayerSynthesizer</Filter>
    </ClCompile>
    <ClCompile Include="GaussianPyramid.cpp">
      <Filter>LayerSynthesizer</Filter>
    </ClCompile>
    <ClCompile Include="TextureSynthesis.cpp">
      <Filter>TextureSynthesis</Filter>
    </ClCompile>
    <ClCompile Include="LayerTextureSynthesizer.cpp">
      <Filter>TextureSynthesis</Filter>
    </ClCompile>
    <ClCompile Include="LayerMesh.cpp">
      <Filter>LayerMesh</Filter>
    </ClCompile>
    <ClCompile Include="LayerExtractorVideo.cpp">
      <Filter>LayerExtractor</Filter>
    </ClCompile>
    <ClCompile Include="SuperpixelExtractor.cpp">
      <Filter>LayerExtractor</Filter>
    </ClCompile>
    <ClCompile Include="SuperpixelExtractorVideo.cpp">
      <Filter>LayerExtractor</Filter>
    </ClCompile>
    <ClCompile Include="DistanceTransform.cpp">
      <Filter>TextureSynthesis</Filter>
    </ClCompile>
    <ClCompile Include="VideoController.cpp">
      <Filter>App</Filter>
    </ClCompile>
    <ClCompile Include="BagOfWords.cpp">
      <Filter>LayerMesh</Filter>
    </ClCompile>
    <ClCompile Include="Descriptors.cpp">
      <Filter>LayerMesh</Filter>
    </ClCompile>
    <ClCompile Include="NNLeastSquares\nnls.cpp">
      <Filter>RBFProp</Filter>
    </ClCompile>
    <ClCompile Include="NNLeastSquaresSolver.cpp">
      <Filter>RBFProp</Filter>
    </ClCompile>
    <ClCompile Include="RBFPropagation.cpp">
      <Filter>RBFProp</Filter>
    </ClCompile>
    <ClCompile Include="RecolorizerPixel.cpp" />
  </ItemGroup>
  <ItemGroup>
    <Filter Include="Base">
      <UniqueIdentifier>{c928787a-2d0a-40d8-9c91-930e53aad1ad}</UniqueIdentifier>
    </Filter>
    <Filter Include="App">
      <UniqueIdentifier>{e0bdb0f1-00f3-41f9-8c72-c27b4e6bb002}</UniqueIdentifier>
    </Filter>
    <Filter Include="Files">
      <UniqueIdentifier>{1877c21b-f73a-465d-9c64-ac8eed3a4f70}</UniqueIdentifier>
    </Filter>
    <Filter Include="LayerExtractor">
      <UniqueIdentifier>{966b30e3-5e5b-488b-92f8-ae43e01ebac5}</UniqueIdentifier>
    </Filter>
    <Filter Include="FelzenszwalbSegmentation">
      <UniqueIdentifier>{12c6088a-f93d-47ff-9be9-04c3b3118790}</UniqueIdentifier>
    </Filter>
    <Filter Include="LayerSynthesizer">
      <UniqueIdentifier>{854e1efb-1888-415b-bad3-facdbe4fcc0e}</UniqueIdentifier>
    </Filter>
    <Filter Include="TextureSynthesis">
      <UniqueIdentifier>{84bee6c7-9301-4b60-83a1-789d147078a9}</UniqueIdentifier>
    </Filter>
    <Filter Include="LayerMesh">
      <UniqueIdentifier>{fc85f3dd-9f91-4e8f-8eb5-0a5fc38151fe}</UniqueIdentifier>
    </Filter>
    <Filter Include="RBFProp">
      <UniqueIdentifier>{894c2715-f0d8-474e-840b-f3da14de7ff8}</UniqueIdentifier>
    </Filter>
  </ItemGroup>
  <ItemGroup>
    <None Include="..\bin\Console.txt">
      <Filter>Files</Filter>
    </None>
    <None Include="BaseCodeDLL.def">
      <Filter>Base</Filter>
    </None>
    <None Include="Thoughts.txt" />
  </ItemGroup>
  <ItemGroup>
    <Text Include="..\Parameters.txt">
      <Filter>Files</Filter>
    </Text>
  </ItemGroup>
</Project>