<?xml version="1.0" encoding="utf-8"?>
<Project ToolsVersion="4.0" xmlns="http://schemas.microsoft.com/developer/msbuild/2003">
  <ItemGroup>
    <ClInclude Include="app.h">
      <Filter>core</Filter>
    </ClInclude>
    <ClInclude Include="appParams.h">
      <Filter>core</Filter>
    </ClInclude>
    <ClInclude Include="main.h">
      <Filter>core</Filter>
    </ClInclude>
    <ClInclude Include="mLibInclude.h">
      <Filter>core</Filter>
    </ClInclude>
    <ClInclude Include="colorUtil.h">
      <Filter>recoloring</Filter>
    </ClInclude>
  </ItemGroup>
  <ItemGroup>
    <ClCompile Include="app.cpp">
      <Filter>core</Filter>
    </ClCompile>
    <ClCompile Include="main.cpp">
      <Filter>core</Filter>
    </ClCompile>
    <ClCompile Include="mLibSource.cpp">
      <Filter>core</Filter>
    </ClCompile>
  </ItemGroup>
  <ItemGroup>
    <Filter Include="core">
      <UniqueIdentifier>{987da47a-0c37-4e43-b305-068854816271}</UniqueIdentifier>
    </Filter>
    <Filter Include="recoloring">
      <UniqueIdentifier>{27758f9e-cfa1-44e3-b45b-25d4dcfa201d}</UniqueIdentifier>
    </Filter>
  </ItemGroup>
</Project>